// !$*UTF8*$!
{
	archiveVersion = 1;
	classes = {
	};
	objectVersion = 46;
	objects = {

/* Begin PBXBuildFile section */
		97C96D6C1B82B06C00DE4D49 /* AppDelegate.swift in Sources */ = {isa = PBXBuildFile; fileRef = 97C96D6B1B82B06C00DE4D49 /* AppDelegate.swift */; };
		97C96D6E1B82B06C00DE4D49 /* ViewController.swift in Sources */ = {isa = PBXBuildFile; fileRef = 97C96D6D1B82B06C00DE4D49 /* ViewController.swift */; };
		97C96D711B82B06C00DE4D49 /* Main.storyboard in Resources */ = {isa = PBXBuildFile; fileRef = 97C96D6F1B82B06C00DE4D49 /* Main.storyboard */; };
		97C96D731B82B06C00DE4D49 /* Images.xcassets in Resources */ = {isa = PBXBuildFile; fileRef = 97C96D721B82B06C00DE4D49 /* Images.xcassets */; };
		97C96D761B82B06C00DE4D49 /* LaunchScreen.xib in Resources */ = {isa = PBXBuildFile; fileRef = 97C96D741B82B06C00DE4D49 /* LaunchScreen.xib */; };
		97C96D821B82B06C00DE4D49 /* BullsEyeTests.swift in Sources */ = {isa = PBXBuildFile; fileRef = 97C96D811B82B06C00DE4D49 /* BullsEyeTests.swift */; };
/* End PBXBuildFile section */

/* Begin PBXContainerItemProxy section */
		97C96D7C1B82B06C00DE4D49 /* PBXContainerItemProxy */ = {
			isa = PBXContainerItemProxy;
			containerPortal = 97C96D5E1B82B06C00DE4D49 /* Project object */;
			proxyType = 1;
			remoteGlobalIDString = 97C96D651B82B06C00DE4D49;
			remoteInfo = BullsEye;
		};
/* End PBXContainerItemProxy section */

/* Begin PBXFileReference section */
		97C96D661B82B06C00DE4D49 /* BullsEye.app */ = {isa = PBXFileReference; explicitFileType = wrapper.application; includeInIndex = 0; path = BullsEye.app; sourceTree = BUILT_PRODUCTS_DIR; };
		97C96D6A1B82B06C00DE4D49 /* Info.plist */ = {isa = PBXFileReference; lastKnownFileType = text.plist.xml; path = Info.plist; sourceTree = "<group>"; };
		97C96D6B1B82B06C00DE4D49 /* AppDelegate.swift */ = {isa = PBXFileReference; lastKnownFileType = sourcecode.swift; path = AppDelegate.swift; sourceTree = "<group>"; };
		97C96D6D1B82B06C00DE4D49 /* ViewController.swift */ = {isa = PBXFileReference; lastKnownFileType = sourcecode.swift; path = ViewController.swift; sourceTree = "<group>"; };
		97C96D701B82B06C00DE4D49 /* Base */ = {isa = PBXFileReference; lastKnownFileType = file.storyboard; name = Base; path = Base.lproj/Main.storyboard; sourceTree = "<group>"; };
		97C96D721B82B06C00DE4D49 /* Images.xcassets */ = {isa = PBXFileReference; lastKnownFileType = folder.assetcatalog; path = Images.xcassets; sourceTree = "<group>"; };
		97C96D751B82B06C00DE4D49 /* Base */ = {isa = PBXFileReference; lastKnownFileType = file.xib; name = Base; path = Base.lproj/LaunchScreen.xib; sourceTree = "<group>"; };
		97C96D7B1B82B06C00DE4D49 /* BullsEyeTests.xctest */ = {isa = PBXFileReference; explicitFileType = wrapper.cfbundle; includeInIndex = 0; path = BullsEyeTests.xctest; sourceTree = BUILT_PRODUCTS_DIR; };
		97C96D801B82B06C00DE4D49 /* Info.plist */ = {isa = PBXFileReference; lastKnownFileType = text.plist.xml; path = Info.plist; sourceTree = "<group>"; };
		97C96D811B82B06C00DE4D49 /* BullsEyeTests.swift */ = {isa = PBXFileReference; lastKnownFileType = sourcecode.swift; path = BullsEyeTests.swift; sourceTree = "<group>"; };
/* End PBXFileReference section */

/* Begin PBXFrameworksBuildPhase section */
		97C96D631B82B06C00DE4D49 /* Frameworks */ = {
			isa = PBXFrameworksBuildPhase;
			buildActionMask = 2147483647;
			files = (
			);
			runOnlyForDeploymentPostprocessing = 0;
		};
		97C96D781B82B06C00DE4D49 /* Frameworks */ = {
			isa = PBXFrameworksBuildPhase;
			buildActionMask = 2147483647;
			files = (
			);
			runOnlyForDeploymentPostprocessing = 0;
		};
/* End PBXFrameworksBuildPhase section */

/* Begin PBXGroup section */
		97C96D5D1B82B06C00DE4D49 = {
			isa = PBXGroup;
			children = (
				97C96D681B82B06C00DE4D49 /* BullsEye */,
				97C96D7E1B82B06C00DE4D49 /* BullsEyeTests */,
				97C96D671B82B06C00DE4D49 /* Products */,
			);
			sourceTree = "<group>";
		};
		97C96D671B82B06C00DE4D49 /* Products */ = {
			isa = PBXGroup;
			children = (
				97C96D661B82B06C00DE4D49 /* BullsEye.app */,
				97C96D7B1B82B06C00DE4D49 /* BullsEyeTests.xctest */,
			);
			name = Products;
			sourceTree = "<group>";
		};
		97C96D681B82B06C00DE4D49 /* BullsEye */ = {
			isa = PBXGroup;
			children = (
				97C96D6B1B82B06C00DE4D49 /* AppDelegate.swift */,
				97C96D6D1B82B06C00DE4D49 /* ViewController.swift */,
				97C96D6F1B82B06C00DE4D49 /* Main.storyboard */,
				97C96D721B82B06C00DE4D49 /* Images.xcassets */,
				97C96D741B82B06C00DE4D49 /* LaunchScreen.xib */,
				97C96D691B82B06C00DE4D49 /* Supporting Files */,
			);
			path = BullsEye;
			sourceTree = "<group>";
		};
		97C96D691B82B06C00DE4D49 /* Supporting Files */ = {
			isa = PBXGroup;
			children = (
				97C96D6A1B82B06C00DE4D49 /* Info.plist */,
			);
			name = "Supporting Files";
			sourceTree = "<group>";
		};
		97C96D7E1B82B06C00DE4D49 /* BullsEyeTests */ = {
			isa = PBXGroup;
			children = (
				97C96D811B82B06C00DE4D49 /* BullsEyeTests.swift */,
				97C96D7F1B82B06C00DE4D49 /* Supporting Files */,
			);
			path = BullsEyeTests;
			sourceTree = "<group>";
		};
		97C96D7F1B82B06C00DE4D49 /* Supporting Files */ = {
			isa = PBXGroup;
			children = (
				97C96D801B82B06C00DE4D49 /* Info.plist */,
			);
			name = "Supporting Files";
			sourceTree = "<group>";
		};
/* End PBXGroup section */

/* Begin PBXNativeTarget section */
		97C96D651B82B06C00DE4D49 /* BullsEye */ = {
			isa = PBXNativeTarget;
			buildConfigurationList = 97C96D851B82B06C00DE4D49 /* Build configuration list for PBXNativeTarget "BullsEye" */;
			buildPhases = (
				97C96D621B82B06C00DE4D49 /* Sources */,
				97C96D631B82B06C00DE4D49 /* Frameworks */,
				97C96D641B82B06C00DE4D49 /* Resources */,
			);
			buildRules = (
			);
			dependencies = (
			);
			name = BullsEye;
			productName = BullsEye;
			productReference = 97C96D661B82B06C00DE4D49 /* BullsEye.app */;
			productType = "com.apple.product-type.application";
		};
		97C96D7A1B82B06C00DE4D49 /* BullsEyeTests */ = {
			isa = PBXNativeTarget;
			buildConfigurationList = 97C96D881B82B06C00DE4D49 /* Build configuration list for PBXNativeTarget "BullsEyeTests" */;
			buildPhases = (
				97C96D771B82B06C00DE4D49 /* Sources */,
				97C96D781B82B06C00DE4D49 /* Frameworks */,
				97C96D791B82B06C00DE4D49 /* Resources */,
			);
			buildRules = (
			);
			dependencies = (
				97C96D7D1B82B06C00DE4D49 /* PBXTargetDependency */,
			);
			name = BullsEyeTests;
			productName = BullsEyeTests;
			productReference = 97C96D7B1B82B06C00DE4D49 /* BullsEyeTests.xctest */;
			productType = "com.apple.product-type.bundle.unit-test";
		};
/* End PBXNativeTarget section */

/* Begin PBXProject section */
		97C96D5E1B82B06C00DE4D49 /* Project object */ = {
			isa = PBXProject;
			attributes = {
				LastUpgradeCheck = 0640;
				ORGANIZATIONNAME = "The Arwed Group";
				TargetAttributes = {
					97C96D651B82B06C00DE4D49 = {
						CreatedOnToolsVersion = 6.4;
						DevelopmentTeam = WVGXSP4T99;
					};
					97C96D7A1B82B06C00DE4D49 = {
						CreatedOnToolsVersion = 6.4;
						TestTargetID = 97C96D651B82B06C00DE4D49;
					};
				};
			};
			buildConfigurationList = 97C96D611B82B06C00DE4D49 /* Build configuration list for PBXProject "BullsEye" */;
			compatibilityVersion = "Xcode 3.2";
			developmentRegion = English;
			hasScannedForEncodings = 0;
			knownRegions = (
				en,
				Base,
			);
			mainGroup = 97C96D5D1B82B06C00DE4D49;
			productRefGroup = 97C96D671B82B06C00DE4D49 /* Products */;
			projectDirPath = "";
			projectRoot = "";
			targets = (
				97C96D651B82B06C00DE4D49 /* BullsEye */,
				97C96D7A1B82B06C00DE4D49 /* BullsEyeTests */,
			);
		};
/* End PBXProject section */

/* Begin PBXResourcesBuildPhase section */
		97C96D641B82B06C00DE4D49 /* Resources */ = {
			isa = PBXResourcesBuildPhase;
			buildActionMask = 2147483647;
			files = (
				97C96D711B82B06C00DE4D49 /* Main.storyboard in Resources */,
				97C96D761B82B06C00DE4D49 /* LaunchScreen.xib in Resources */,
				97C96D731B82B06C00DE4D49 /* Images.xcassets in Resources */,
			);
			runOnlyForDeploymentPostprocessing = 0;
		};
		97C96D791B82B06C00DE4D49 /* Resources */ = {
			isa = PBXResourcesBuildPhase;
			buildActionMask = 2147483647;
			files = (
			);
			runOnlyForDeploymentPostprocessing = 0;
		};
/* End PBXResourcesBuildPhase section */

/* Begin PBXSourcesBuildPhase section */
		97C96D621B82B06C00DE4D49 /* Sources */ = {
			isa = PBXSourcesBuildPhase;
			buildActionMask = 2147483647;
			files = (
				97C96D6E1B82B06C00DE4D49 /* ViewController.swift in Sources */,
				97C96D6C1B82B06C00DE4D49 /* AppDelegate.swift in Sources */,
			);
			runOnlyForDeploymentPostprocessing = 0;
		};
		97C96D771B82B06C00DE4D49 /* Sources */ = {
			isa = PBXSourcesBuildPhase;
			buildActionMask = 2147483647;
			files = (
				97C96D821B82B06C00DE4D49 /* BullsEyeTests.swift in Sources */,
			);
			runOnlyForDeploymentPostprocessing = 0;
		};
/* End PBXSourcesBuildPhase section */

/* Begin PBXTargetDependency section */
		97C96D7D1B82B06C00DE4D49 /* PBXTargetDependency */ = {
			isa = PBXTargetDependency;
			target = 97C96D651B82B06C00DE4D49 /* BullsEye */;
			targetProxy = 97C96D7C1B82B06C00DE4D49 /* PBXContainerItemProxy */;
		};
/* End PBXTargetDependency section */

/* Begin PBXVariantGroup section */
		97C96D6F1B82B06C00DE4D49 /* Main.storyboard */ = {
			isa = PBXVariantGroup;
			children = (
				97C96D701B82B06C00DE4D49 /* Base */,
			);
			name = Main.storyboard;
			sourceTree = "<group>";
		};
		97C96D741B82B06C00DE4D49 /* LaunchScreen.xib */ = {
			isa = PBXVariantGroup;
			children = (
				97C96D751B82B06C00DE4D49 /* Base */,
			);
			name = LaunchScreen.xib;
			sourceTree = "<group>";
		};
/* End PBXVariantGroup section */

/* Begin XCBuildConfiguration section */
		97C96D831B82B06C00DE4D49 /* Debug */ = {
			isa = XCBuildConfiguration;
			buildSettings = {
				ALWAYS_SEARCH_USER_PATHS = NO;
				CLANG_CXX_LANGUAGE_STANDARD = "gnu++0x";
				CLANG_CXX_LIBRARY = "libc++";
				CLANG_ENABLE_MODULES = YES;
				CLANG_ENABLE_OBJC_ARC = YES;
				CLANG_WARN_BOOL_CONVERSION = YES;
				CLANG_WARN_CONSTANT_CONVERSION = YES;
				CLANG_WARN_DIRECT_OBJC_ISA_USAGE = YES_ERROR;
				CLANG_WARN_EMPTY_BODY = YES;
				CLANG_WARN_ENUM_CONVERSION = YES;
				CLANG_WARN_INT_CONVERSION = YES;
				CLANG_WARN_OBJC_ROOT_CLASS = YES_ERROR;
				CLANG_WARN_UNREACHABLE_CODE = YES;
				CLANG_WARN__DUPLICATE_METHOD_MATCH = YES;
				"CODE_SIGN_IDENTITY[sdk=iphoneos*]" = "iPhone Developer";
				COPY_PHASE_STRIP = NO;
				DEBUG_INFORMATION_FORMAT = "dwarf-with-dsym";
				ENABLE_STRICT_OBJC_MSGSEND = YES;
				GCC_C_LANGUAGE_STANDARD = gnu99;
				GCC_DYNAMIC_NO_PIC = NO;
				GCC_NO_COMMON_BLOCKS = YES;
				GCC_OPTIMIZATION_LEVEL = 0;
				GCC_PREPROCESSOR_DEFINITIONS = (
					"DEBUG=1",
					"$(inherited)",
				);
				GCC_SYMBOLS_PRIVATE_EXTERN = NO;
				GCC_WARN_64_TO_32_BIT_CONVERSION = YES;
				GCC_WARN_ABOUT_RETURN_TYPE = YES_ERROR;
				GCC_WARN_UNDECLARED_SELECTOR = YES;
				GCC_WARN_UNINITIALIZED_AUTOS = YES_AGGRESSIVE;
				GCC_WARN_UNUSED_FUNCTION = YES;
				GCC_WARN_UNUSED_VARIABLE = YES;
				IPHONEOS_DEPLOYMENT_TARGET = 8.4;
				MTL_ENABLE_DEBUG_INFO = YES;
				ONLY_ACTIVE_ARCH = YES;
				SDKROOT = iphoneos;
				SWIFT_OPTIMIZATION_LEVEL = "-Onone";
			};
			name = Debug;
		};
		97C96D841B82B06C00DE4D49 /* Release */ = {
			isa = XCBuildConfiguration;
			buildSettings = {
				ALWAYS_SEARCH_USER_PATHS = NO;
				CLANG_CXX_LANGUAGE_STANDARD = "gnu++0x";
				CLANG_CXX_LIBRARY = "libc++";
				CLANG_ENABLE_MODULES = YES;
				CLANG_ENABLE_OBJC_ARC = YES;
				CLANG_WARN_BOOL_CONVERSION = YES;
				CLANG_WARN_CONSTANT_CONVERSION = YES;
				CLANG_WARN_DIRECT_OBJC_ISA_USAGE = YES_ERROR;
				CLANG_WARN_EMPTY_BODY = YES;
				CLANG_WARN_ENUM_CONVERSION = YES;
				CLANG_WARN_INT_CONVERSION = YES;
				CLANG_WARN_OBJC_ROOT_CLASS = YES_ERROR;
				CLANG_WARN_UNREACHABLE_CODE = YES;
				CLANG_WARN__DUPLICATE_METHOD_MATCH = YES;
				"CODE_SIGN_IDENTITY[sdk=iphoneos*]" = "iPhone Developer";
				COPY_PHASE_STRIP = NO;
				DEBUG_INFORMATION_FORMAT = "dwarf-with-dsym";
				ENABLE_NS_ASSERTIONS = NO;
				ENABLE_STRICT_OBJC_MSGSEND = YES;
				GCC_C_LANGUAGE_STANDARD = gnu99;
				GCC_NO_COMMON_BLOCKS = YES;
				GCC_WARN_64_TO_32_BIT_CONVERSION = YES;
				GCC_WARN_ABOUT_RETURN_TYPE = YES_ERROR;
				GCC_WARN_UNDECLARED_SELECTOR = YES;
				GCC_WARN_UNINITIALIZED_AUTOS = YES_AGGRESSIVE;
				GCC_WARN_UNUSED_FUNCTION = YES;
				GCC_WARN_UNUSED_VARIABLE = YES;
				IPHONEOS_DEPLOYMENT_TARGET = 8.4;
				MTL_ENABLE_DEBUG_INFO = NO;
				SDKROOT = iphoneos;
				VALIDATE_PRODUCT = YES;
			};
			name = Release;
		};
		97C96D861B82B06C00DE4D49 /* Debug */ = {
			isa = XCBuildConfiguration;
			buildSettings = {
				ASSETCATALOG_COMPILER_APPICON_NAME = AppIcon;
				CODE_SIGN_IDENTITY = "iPhone Developer";
				"CODE_SIGN_IDENTITY[sdk=iphoneos*]" = "iPhone Developer";
				INFOPLIST_FILE = BullsEye/Info.plist;
				LD_RUNPATH_SEARCH_PATHS = "$(inherited) @executable_path/Frameworks";
				PRODUCT_NAME = "$(TARGET_NAME)";
				PROVISIONING_PROFILE = "";
			};
			name = Debug;
		};
		97C96D871B82B06C00DE4D49 /* Release */ = {
			isa = XCBuildConfiguration;
			buildSettings = {
				ASSETCATALOG_COMPILER_APPICON_NAME = AppIcon;
				CODE_SIGN_IDENTITY = "iPhone Developer";
				"CODE_SIGN_IDENTITY[sdk=iphoneos*]" = "iPhone Developer";
				INFOPLIST_FILE = BullsEye/Info.plist;
				LD_RUNPATH_SEARCH_PATHS = "$(inherited) @executable_path/Frameworks";
				PRODUCT_NAME = "$(TARGET_NAME)";
				PROVISIONING_PROFILE = "";
			};
			name = Release;
		};
		97C96D891B82B06C00DE4D49 /* Debug */ = {
			isa = XCBuildConfiguration;
			buildSettings = {
				BUNDLE_LOADER = "$(TEST_HOST)";
				FRAMEWORK_SEARCH_PATHS = (
					"$(SDKROOT)/Developer/Library/Frameworks",
					"$(inherited)",
				);
				GCC_PREPROCESSOR_DEFINITIONS = (
					"DEBUG=1",
					"$(inherited)",
				);
				INFOPLIST_FILE = BullsEyeTests/Info.plist;
				LD_RUNPATH_SEARCH_PATHS = "$(inherited) @executable_path/Frameworks @loader_path/Frameworks";
				PRODUCT_NAME = "$(TARGET_NAME)";
				TEST_HOST = "$(BUILT_PRODUCTS_DIR)/BullsEye.app/BullsEye";
			};
			name = Debug;
		};
		97C96D8A1B82B06C00DE4D49 /* Release */ = {
			isa = XCBuildConfiguration;
			buildSettings = {
				BUNDLE_LOADER = "$(TEST_HOST)";
				FRAMEWORK_SEARCH_PATHS = (
					"$(SDKROOT)/Developer/Library/Frameworks",
					"$(inherited)",
				);
				INFOPLIST_FILE = BullsEyeTests/Info.plist;
				LD_RUNPATH_SEARCH_PATHS = "$(inherited) @executable_path/Frameworks @loader_path/Frameworks";
				PRODUCT_NAME = "$(TARGET_NAME)";
				TEST_HOST = "$(BUILT_PRODUCTS_DIR)/BullsEye.app/BullsEye";
			};
			name = Release;
		};
/* End XCBuildConfiguration section */

/* Begin XCConfigurationList section */
		97C96D611B82B06C00DE4D49 /* Build configuration list for PBXProject "BullsEye" */ = {
			isa = XCConfigurationList;
			buildConfigurations = (
				97C96D831B82B06C00DE4D49 /* Debug */,
				97C96D841B82B06C00DE4D49 /* Release */,
			);
			defaultConfigurationIsVisible = 0;
			defaultConfigurationName = Release;
		};
		97C96D851B82B06C00DE4D49 /* Build configuration list for PBXNativeTarget "BullsEye" */ = {
			isa = XCConfigurationList;
			buildConfigurations = (
				97C96D861B82B06C00DE4D49 /* Debug */,
				97C96D871B82B06C00DE4D49 /* Release */,
			);
			defaultConfigurationIsVisible = 0;
		};
		97C96D881B82B06C00DE4D49 /* Build configuration list for PBXNativeTarget "BullsEyeTests" */ = {
			isa = XCConfigurationList;
			buildConfigurations = (
				97C96D891B82B06C00DE4D49 /* Debug */,
				97C96D8A1B82B06C00DE4D49 /* Release */,
			);
			defaultConfigurationIsVisible = 0;
		};
/* End XCConfigurationList section */
	};
	rootObject = 97C96D5E1B82B06C00DE4D49 /* Project object */;
}
